
Microsoft Visual Studio Solution File, Format Version 12.00
# Visual Studio Version 17
VisualStudioVersion = 17.0.31611.283
MinimumVisualStudioVersion = 10.0.40219.1
Project("{FAE04EC0-301F-11D3-BF4B-00C04F79EFBC}") = "PP.Library", "..\PP.Library\PP.Library.csproj", "{D7DAC9F7-7EE2-4313-B46D-6B48B3642D3C}"
EndProject
Project("{FAE04EC0-301F-11D3-BF4B-00C04F79EFBC}") = "PP.CLI", "..\PP.CLI\PP.CLI.csproj", "{247DABD9-08A5-414E-92A8-DF1094BFD7C2}"
EndProject
Project("{FAE04EC0-301F-11D3-BF4B-00C04F79EFBC}") = "PP.MAUI", "..\PP.MAUI\PP.MAUI.csproj", "{CE75E34F-B1A7-45E7-B0A8-731EE482BF7B}"
EndProject
Global
	GlobalSection(SolutionConfigurationPlatforms) = preSolution
		Debug|Any CPU = Debug|Any CPU
		Release|Any CPU = Release|Any CPU
	EndGlobalSection
	GlobalSection(ProjectConfigurationPlatforms) = postSolution
		{D7DAC9F7-7EE2-4313-B46D-6B48B3642D3C}.Debug|Any CPU.ActiveCfg = Debug|Any CPU
		{D7DAC9F7-7EE2-4313-B46D-6B48B3642D3C}.Debug|Any CPU.Build.0 = Debug|Any CPU
		{D7DAC9F7-7EE2-4313-B46D-6B48B3642D3C}.Release|Any CPU.ActiveCfg = Release|Any CPU
		{D7DAC9F7-7EE2-4313-B46D-6B48B3642D3C}.Release|Any CPU.Build.0 = Release|Any CPU
		{247DABD9-08A5-414E-92A8-DF1094BFD7C2}.Debug|Any CPU.ActiveCfg = Debug|Any CPU
		{247DABD9-08A5-414E-92A8-DF1094BFD7C2}.Debug|Any CPU.Build.0 = Debug|Any CPU
		{247DABD9-08A5-414E-92A8-DF1094BFD7C2}.Release|Any CPU.ActiveCfg = Release|Any CPU
		{247DABD9-08A5-414E-92A8-DF1094BFD7C2}.Release|Any CPU.Build.0 = Release|Any CPU
		{CE75E34F-B1A7-45E7-B0A8-731EE482BF7B}.Debug|Any CPU.ActiveCfg = Debug|Any CPU
		{CE75E34F-B1A7-45E7-B0A8-731EE482BF7B}.Debug|Any CPU.Build.0 = Debug|Any CPU
		{CE75E34F-B1A7-45E7-B0A8-731EE482BF7B}.Debug|Any CPU.Deploy.0 = Debug|Any CPU
		{CE75E34F-B1A7-45E7-B0A8-731EE482BF7B}.Release|Any CPU.ActiveCfg = Release|Any CPU
		{CE75E34F-B1A7-45E7-B0A8-731EE482BF7B}.Release|Any CPU.Build.0 = Release|Any CPU
		{CE75E34F-B1A7-45E7-B0A8-731EE482BF7B}.Release|Any CPU.Deploy.0 = Release|Any CPU
	EndGlobalSection
	GlobalSection(SolutionProperties) = preSolution
		HideSolutionNode = FALSE
	EndGlobalSection
	GlobalSection(ExtensibilityGlobals) = postSolution
		SolutionGuid = {61F7FB11-1E47-470C-91E2-47F8143E1572}
	EndGlobalSection
EndGlobal
